
Microsoft Visual Studio Solution File, Format Version 12.00
# Visual Studio Version 17
VisualStudioVersion = 17.8.34525.116
MinimumVisualStudioVersion = 10.0.40219.1
Project("{8BC9CEB8-8B4A-11D0-8D11-00A0C91BC942}") = "SummingArray", "SummingArray\SummingArray.vcxproj", "{9089EE26-8CCD-4899-9D35-18E2F12E63E0}"
EndProject
Global
	GlobalSection(SolutionConfigurationPlatforms) = preSolution
		Debug|x64 = Debug|x64
		Release|x64 = Release|x64
	EndGlobalSection
	GlobalSection(ProjectConfigurationPlatforms) = postSolution
		{9089EE26-8CCD-4899-9D35-18E2F12E63E0}.Debug|x64.ActiveCfg = Debug|x64
		{9089EE26-8CCD-4899-9D35-18E2F12E63E0}.Debug|x64.Build.0 = Debug|x64
		{9089EE26-8CCD-4899-9D35-18E2F12E63E0}.Release|x64.ActiveCfg = Release|x64
		{9089EE26-8CCD-4899-9D35-18E2F12E63E0}.Release|x64.Build.0 = Release|x64
	EndGlobalSection
	GlobalSection(SolutionProperties) = preSolution
		HideSolutionNode = FALSE
	EndGlobalSection
	GlobalSection(ExtensibilityGlobals) = postSolution
		SolutionGuid = {6BC16419-A596-49C5-9113-E32FFB7FC622}
	EndGlobalSection
EndGlobal
